
Microsoft Visual Studio Solution File, Format Version 12.00
# Visual Studio Version 17
VisualStudioVersion = 17.11.35312.102
MinimumVisualStudioVersion = 10.0.40219.1
Project("{9A19103F-16F7-4668-BE54-9A1E7A4F7556}") = "RiskChance", "RiskChance\RiskChance.csproj", "{C1DEC5E9-7580-458F-B261-CC10F67D4959}"
EndProject
Global
	GlobalSection(SolutionConfigurationPlatforms) = preSolution
		Debug|Any CPU = Debug|Any CPU
		Release|Any CPU = Release|Any CPU
	EndGlobalSection
	GlobalSection(ProjectConfigurationPlatforms) = postSolution
		{C1DEC5E9-7580-458F-B261-CC10F67D4959}.Debug|Any CPU.ActiveCfg = Debug|Any CPU
		{C1DEC5E9-7580-458F-B261-CC10F67D4959}.Debug|Any CPU.Build.0 = Debug|Any CPU
		{C1DEC5E9-7580-458F-B261-CC10F67D4959}.Release|Any CPU.ActiveCfg = Release|Any CPU
		{C1DEC5E9-7580-458F-B261-CC10F67D4959}.Release|Any CPU.Build.0 = Release|Any CPU
	EndGlobalSection
	GlobalSection(SolutionProperties) = preSolution
		HideSolutionNode = FALSE
	EndGlobalSection
	GlobalSection(ExtensibilityGlobals) = postSolution
		SolutionGuid = {1322042A-926A-463A-9190-666B4526DB72}
	EndGlobalSection
EndGlobal
